
Microsoft Visual Studio Solution File, Format Version 12.00
# Visual Studio Version 17
VisualStudioVersion = 17.7.34202.233
MinimumVisualStudioVersion = 10.0.40219.1
Project("{8BC9CEB8-8B4A-11D0-8D11-00A0C91BC942}") = "Pharmacy", "Pharmacy.vcxproj", "{CEFC2685-DB87-48D4-80C5-76DBB6940441}"
EndProject
Global
	GlobalSection(SolutionConfigurationPlatforms) = preSolution
		Debug|x64 = Debug|x64
		Debug|x86 = Debug|x86
		Release|x64 = Release|x64
		Release|x86 = Release|x86
	EndGlobalSection
	GlobalSection(ProjectConfigurationPlatforms) = postSolution
		{CEFC2685-DB87-48D4-80C5-76DBB6940441}.Debug|x64.ActiveCfg = Debug|x64
		{CEFC2685-DB87-48D4-80C5-76DBB6940441}.Debug|x64.Build.0 = Debug|x64
		{CEFC2685-DB87-48D4-80C5-76DBB6940441}.Debug|x86.ActiveCfg = Debug|Win32
		{CEFC2685-DB87-48D4-80C5-76DBB6940441}.Debug|x86.Build.0 = Debug|Win32
		{CEFC2685-DB87-48D4-80C5-76DBB6940441}.Release|x64.ActiveCfg = Release|x64
		{CEFC2685-DB87-48D4-80C5-76DBB6940441}.Release|x64.Build.0 = Release|x64
		{CEFC2685-DB87-48D4-80C5-76DBB6940441}.Release|x86.ActiveCfg = Release|Win32
		{CEFC2685-DB87-48D4-80C5-76DBB6940441}.Release|x86.Build.0 = Release|Win32
	EndGlobalSection
	GlobalSection(SolutionProperties) = preSolution
		HideSolutionNode = FALSE
	EndGlobalSection
	GlobalSection(ExtensibilityGlobals) = postSolution
		SolutionGuid = {7969869A-735C-4A63-B867-6C76F07CADBE}
	EndGlobalSection
EndGlobal
